
Microsoft Visual Studio Solution File, Format Version 12.00
# Visual Studio 15
VisualStudioVersion = 15.0.28307.136
MinimumVisualStudioVersion = 10.0.40219.1
Project("{FAE04EC0-301F-11D3-BF4B-00C04F79EFBC}") = "SeleniumWebDriver", "SeleniumWebDriver\SeleniumWebDriver.csproj", "{0EA8FDF9-719E-4805-AF8E-663A1C9C4588}"
EndProject
Global
	GlobalSection(SolutionConfigurationPlatforms) = preSolution
		Debug|Any CPU = Debug|Any CPU
		Release|Any CPU = Release|Any CPU
	EndGlobalSection
	GlobalSection(ProjectConfigurationPlatforms) = postSolution
		{0EA8FDF9-719E-4805-AF8E-663A1C9C4588}.Debug|Any CPU.ActiveCfg = Debug|Any CPU
		{0EA8FDF9-719E-4805-AF8E-663A1C9C4588}.Debug|Any CPU.Build.0 = Debug|Any CPU
		{0EA8FDF9-719E-4805-AF8E-663A1C9C4588}.Release|Any CPU.ActiveCfg = Release|Any CPU
		{0EA8FDF9-719E-4805-AF8E-663A1C9C4588}.Release|Any CPU.Build.0 = Release|Any CPU
	EndGlobalSection
	GlobalSection(SolutionProperties) = preSolution
		HideSolutionNode = FALSE
	EndGlobalSection
	GlobalSection(ExtensibilityGlobals) = postSolution
		SolutionGuid = {67AC241E-EDD4-4C65-B941-F22F740A1BA7}
	EndGlobalSection
EndGlobal
